
Microsoft Visual Studio Solution File, Format Version 12.00
# Visual Studio Version 17
VisualStudioVersion = 17.8.34004.107
MinimumVisualStudioVersion = 10.0.40219.1
Project("{FAE04EC0-301F-11D3-BF4B-00C04F79EFBC}") = "Inherit2", "Inherit2\Inherit2.csproj", "{070FC36B-68BA-4BF1-973C-D4F5F30EC01F}"
EndProject
Global
	GlobalSection(SolutionConfigurationPlatforms) = preSolution
		Debug|Any CPU = Debug|Any CPU
		Release|Any CPU = Release|Any CPU
	EndGlobalSection
	GlobalSection(ProjectConfigurationPlatforms) = postSolution
		{070FC36B-68BA-4BF1-973C-D4F5F30EC01F}.Debug|Any CPU.ActiveCfg = Debug|Any CPU
		{070FC36B-68BA-4BF1-973C-D4F5F30EC01F}.Debug|Any CPU.Build.0 = Debug|Any CPU
		{070FC36B-68BA-4BF1-973C-D4F5F30EC01F}.Release|Any CPU.ActiveCfg = Release|Any CPU
		{070FC36B-68BA-4BF1-973C-D4F5F30EC01F}.Release|Any CPU.Build.0 = Release|Any CPU
	EndGlobalSection
	GlobalSection(SolutionProperties) = preSolution
		HideSolutionNode = FALSE
	EndGlobalSection
	GlobalSection(ExtensibilityGlobals) = postSolution
		SolutionGuid = {FEF56469-288E-4127-B483-9F62EF9F0BD8}
	EndGlobalSection
EndGlobal
