
Microsoft Visual Studio Solution File, Format Version 12.00
# Visual Studio Version 17
VisualStudioVersion = 17.8.34004.107
MinimumVisualStudioVersion = 10.0.40219.1
Project("{FAE04EC0-301F-11D3-BF4B-00C04F79EFBC}") = "StaticClass", "StaticClass\StaticClass.csproj", "{AB16D239-B990-4B6C-940B-2E1C00C66A6D}"
EndProject
Global
	GlobalSection(SolutionConfigurationPlatforms) = preSolution
		Debug|Any CPU = Debug|Any CPU
		Release|Any CPU = Release|Any CPU
	EndGlobalSection
	GlobalSection(ProjectConfigurationPlatforms) = postSolution
		{AB16D239-B990-4B6C-940B-2E1C00C66A6D}.Debug|Any CPU.ActiveCfg = Debug|Any CPU
		{AB16D239-B990-4B6C-940B-2E1C00C66A6D}.Debug|Any CPU.Build.0 = Debug|Any CPU
		{AB16D239-B990-4B6C-940B-2E1C00C66A6D}.Release|Any CPU.ActiveCfg = Release|Any CPU
		{AB16D239-B990-4B6C-940B-2E1C00C66A6D}.Release|Any CPU.Build.0 = Release|Any CPU
	EndGlobalSection
	GlobalSection(SolutionProperties) = preSolution
		HideSolutionNode = FALSE
	EndGlobalSection
	GlobalSection(ExtensibilityGlobals) = postSolution
		SolutionGuid = {66CE46E9-585E-41B2-B86C-D945F287D698}
	EndGlobalSection
EndGlobal
