
Microsoft Visual Studio Solution File, Format Version 12.00
# Visual Studio Version 17
VisualStudioVersion = 17.8.34004.107
MinimumVisualStudioVersion = 10.0.40219.1
Project("{FAE04EC0-301F-11D3-BF4B-00C04F79EFBC}") = "Fixed2a", "Fixed2a\Fixed2a.csproj", "{89490647-AEB0-474F-A28B-16DE32D8B39C}"
EndProject
Global
	GlobalSection(SolutionConfigurationPlatforms) = preSolution
		Debug|Any CPU = Debug|Any CPU
		Release|Any CPU = Release|Any CPU
	EndGlobalSection
	GlobalSection(ProjectConfigurationPlatforms) = postSolution
		{89490647-AEB0-474F-A28B-16DE32D8B39C}.Debug|Any CPU.ActiveCfg = Debug|Any CPU
		{89490647-AEB0-474F-A28B-16DE32D8B39C}.Debug|Any CPU.Build.0 = Debug|Any CPU
		{89490647-AEB0-474F-A28B-16DE32D8B39C}.Release|Any CPU.ActiveCfg = Release|Any CPU
		{89490647-AEB0-474F-A28B-16DE32D8B39C}.Release|Any CPU.Build.0 = Release|Any CPU
	EndGlobalSection
	GlobalSection(SolutionProperties) = preSolution
		HideSolutionNode = FALSE
	EndGlobalSection
	GlobalSection(ExtensibilityGlobals) = postSolution
		SolutionGuid = {31E46160-FF55-4428-AB76-94FB7C0FEAEC}
	EndGlobalSection
EndGlobal
